// !$*UTF8*$!
{
	archiveVersion = 1;
	classes = {
	};
	objectVersion = 46;
	objects = {

/* Begin PBXBuildFile section */
		E4A8E58418C221FB0021E94B /* Foundation.framework in Frameworks */ = {isa = PBXBuildFile; fileRef = E4A8E58318C221FB0021E94B /* Foundation.framework */; };
		E4A8E58618C221FB0021E94B /* CoreGraphics.framework in Frameworks */ = {isa = PBXBuildFile; fileRef = E4A8E58518C221FB0021E94B /* CoreGraphics.framework */; };
		E4A8E58818C221FB0021E94B /* UIKit.framework in Frameworks */ = {isa = PBXBuildFile; fileRef = E4A8E58718C221FB0021E94B /* UIKit.framework */; };
		E4A8E58E18C221FB0021E94B /* InfoPlist.strings in Resources */ = {isa = PBXBuildFile; fileRef = E4A8E58C18C221FB0021E94B /* InfoPlist.strings */; };
		E4A8E59018C221FB0021E94B /* main.m in Sources */ = {isa = PBXBuildFile; fileRef = E4A8E58F18C221FB0021E94B /* main.m */; };
		E4A8E59418C221FB0021E94B /* AppDelegate.m in Sources */ = {isa = PBXBuildFile; fileRef = E4A8E59318C221FB0021E94B /* AppDelegate.m */; };
		E4A8E59718C221FB0021E94B /* Main.storyboard in Resources */ = {isa = PBXBuildFile; fileRef = E4A8E59518C221FB0021E94B /* Main.storyboard */; };
		E4A8E59A18C221FB0021E94B /* ViewController.m in Sources */ = {isa = PBXBuildFile; fileRef = E4A8E59918C221FB0021E94B /* ViewController.m */; };
		E4A8E59C18C221FB0021E94B /* Images.xcassets in Resources */ = {isa = PBXBuildFile; fileRef = E4A8E59B18C221FB0021E94B /* Images.xcassets */; };
		E4A8E5A318C221FB0021E94B /* XCTest.framework in Frameworks */ = {isa = PBXBuildFile; fileRef = E4A8E5A218C221FB0021E94B /* XCTest.framework */; };
		E4A8E5A418C221FB0021E94B /* Foundation.framework in Frameworks */ = {isa = PBXBuildFile; fileRef = E4A8E58318C221FB0021E94B /* Foundation.framework */; };
		E4A8E5A518C221FB0021E94B /* UIKit.framework in Frameworks */ = {isa = PBXBuildFile; fileRef = E4A8E58718C221FB0021E94B /* UIKit.framework */; };
		E4A8E5AD18C221FB0021E94B /* InfoPlist.strings in Resources */ = {isa = PBXBuildFile; fileRef = E4A8E5AB18C221FB0021E94B /* InfoPlist.strings */; };
		E4A8E5AF18C221FB0021E94B /* caculatorTests.m in Sources */ = {isa = PBXBuildFile; fileRef = E4A8E5AE18C221FB0021E94B /* caculatorTests.m */; };
/* End PBXBuildFile section */

/* Begin PBXContainerItemProxy section */
		E4A8E5A618C221FB0021E94B /* PBXContainerItemProxy */ = {
			isa = PBXContainerItemProxy;
			containerPortal = E4A8E57818C221FB0021E94B /* Project object */;
			proxyType = 1;
			remoteGlobalIDString = E4A8E57F18C221FB0021E94B;
			remoteInfo = caculator;
		};
/* End PBXContainerItemProxy section */

/* Begin PBXFileReference section */
		E4A8E58018C221FB0021E94B /* caculator.app */ = {isa = PBXFileReference; explicitFileType = wrapper.application; includeInIndex = 0; path = caculator.app; sourceTree = BUILT_PRODUCTS_DIR; };
		E4A8E58318C221FB0021E94B /* Foundation.framework */ = {isa = PBXFileReference; lastKnownFileType = wrapper.framework; name = Foundation.framework; path = System/Library/Frameworks/Foundation.framework; sourceTree = SDKROOT; };
		E4A8E58518C221FB0021E94B /* CoreGraphics.framework */ = {isa = PBXFileReference; lastKnownFileType = wrapper.framework; name = CoreGraphics.framework; path = System/Library/Frameworks/CoreGraphics.framework; sourceTree = SDKROOT; };
		E4A8E58718C221FB0021E94B /* UIKit.framework */ = {isa = PBXFileReference; lastKnownFileType = wrapper.framework; name = UIKit.framework; path = System/Library/Frameworks/UIKit.framework; sourceTree = SDKROOT; };
		E4A8E58B18C221FB0021E94B /* caculator-Info.plist */ = {isa = PBXFileReference; lastKnownFileType = text.plist.xml; path = "caculator-Info.plist"; sourceTree = "<group>"; };
		E4A8E58D18C221FB0021E94B /* en */ = {isa = PBXFileReference; lastKnownFileType = text.plist.strings; name = en; path = en.lproj/InfoPlist.strings; sourceTree = "<group>"; };
		E4A8E58F18C221FB0021E94B /* main.m */ = {isa = PBXFileReference; lastKnownFileType = sourcecode.c.objc; path = main.m; sourceTree = "<group>"; };
		E4A8E59118C221FB0021E94B /* caculator-Prefix.pch */ = {isa = PBXFileReference; lastKnownFileType = sourcecode.c.h; path = "caculator-Prefix.pch"; sourceTree = "<group>"; };
		E4A8E59218C221FB0021E94B /* AppDelegate.h */ = {isa = PBXFileReference; lastKnownFileType = sourcecode.c.h; path = AppDelegate.h; sourceTree = "<group>"; };
		E4A8E59318C221FB0021E94B /* AppDelegate.m */ = {isa = PBXFileReference; lastKnownFileType = sourcecode.c.objc; path = AppDelegate.m; sourceTree = "<group>"; };
		E4A8E59618C221FB0021E94B /* Base */ = {isa = PBXFileReference; lastKnownFileType = file.storyboard; name = Base; path = Base.lproj/Main.storyboard; sourceTree = "<group>"; };
		E4A8E59818C221FB0021E94B /* ViewController.h */ = {isa = PBXFileReference; lastKnownFileType = sourcecode.c.h; path = ViewController.h; sourceTree = "<group>"; };
		E4A8E59918C221FB0021E94B /* ViewController.m */ = {isa = PBXFileReference; lastKnownFileType = sourcecode.c.objc; path = ViewController.m; sourceTree = "<group>"; };
		E4A8E59B18C221FB0021E94B /* Images.xcassets */ = {isa = PBXFileReference; lastKnownFileType = folder.assetcatalog; path = Images.xcassets; sourceTree = "<group>"; };
		E4A8E5A118C221FB0021E94B /* caculatorTests.xctest */ = {isa = PBXFileReference; explicitFileType = wrapper.cfbundle; includeInIndex = 0; path = caculatorTests.xctest; sourceTree = BUILT_PRODUCTS_DIR; };
		E4A8E5A218C221FB0021E94B /* XCTest.framework */ = {isa = PBXFileReference; lastKnownFileType = wrapper.framework; name = XCTest.framework; path = Library/Frameworks/XCTest.framework; sourceTree = DEVELOPER_DIR; };
		E4A8E5AA18C221FB0021E94B /* caculatorTests-Info.plist */ = {isa = PBXFileReference; lastKnownFileType = text.plist.xml; path = "caculatorTests-Info.plist"; sourceTree = "<group>"; };
		E4A8E5AC18C221FB0021E94B /* en */ = {isa = PBXFileReference; lastKnownFileType = text.plist.strings; name = en; path = en.lproj/InfoPlist.strings; sourceTree = "<group>"; };
		E4A8E5AE18C221FB0021E94B /* caculatorTests.m */ = {isa = PBXFileReference; lastKnownFileType = sourcecode.c.objc; path = caculatorTests.m; sourceTree = "<group>"; };
/* End PBXFileReference section */

/* Begin PBXFrameworksBuildPhase section */
		E4A8E57D18C221FB0021E94B /* Frameworks */ = {
			isa = PBXFrameworksBuildPhase;
			buildActionMask = 2147483647;
			files = (
				E4A8E58618C221FB0021E94B /* CoreGraphics.framework in Frameworks */,
				E4A8E58818C221FB0021E94B /* UIKit.framework in Frameworks */,
				E4A8E58418C221FB0021E94B /* Foundation.framework in Frameworks */,
			);
			runOnlyForDeploymentPostprocessing = 0;
		};
		E4A8E59E18C221FB0021E94B /* Frameworks */ = {
			isa = PBXFrameworksBuildPhase;
			buildActionMask = 2147483647;
			files = (
				E4A8E5A318C221FB0021E94B /* XCTest.framework in Frameworks */,
				E4A8E5A518C221FB0021E94B /* UIKit.framework in Frameworks */,
				E4A8E5A418C221FB0021E94B /* Foundation.framework in Frameworks */,
			);
			runOnlyForDeploymentPostprocessing = 0;
		};
/* End PBXFrameworksBuildPhase section */

/* Begin PBXGroup section */
		E4A8E57718C221FB0021E94B = {
			isa = PBXGroup;
			children = (
				E4A8E58918C221FB0021E94B /* caculator */,
				E4A8E5A818C221FB0021E94B /* caculatorTests */,
				E4A8E58218C221FB0021E94B /* Frameworks */,
				E4A8E58118C221FB0021E94B /* Products */,
			);
			sourceTree = "<group>";
		};
		E4A8E58118C221FB0021E94B /* Products */ = {
			isa = PBXGroup;
			children = (
				E4A8E58018C221FB0021E94B /* caculator.app */,
				E4A8E5A118C221FB0021E94B /* caculatorTests.xctest */,
			);
			name = Products;
			sourceTree = "<group>";
		};
		E4A8E58218C221FB0021E94B /* Frameworks */ = {
			isa = PBXGroup;
			children = (
				E4A8E58318C221FB0021E94B /* Foundation.framework */,
				E4A8E58518C221FB0021E94B /* CoreGraphics.framework */,
				E4A8E58718C221FB0021E94B /* UIKit.framework */,
				E4A8E5A218C221FB0021E94B /* XCTest.framework */,
			);
			name = Frameworks;
			sourceTree = "<group>";
		};
		E4A8E58918C221FB0021E94B /* caculator */ = {
			isa = PBXGroup;
			children = (
				E4A8E59218C221FB0021E94B /* AppDelegate.h */,
				E4A8E59318C221FB0021E94B /* AppDelegate.m */,
				E4A8E59518C221FB0021E94B /* Main.storyboard */,
				E4A8E59818C221FB0021E94B /* ViewController.h */,
				E4A8E59918C221FB0021E94B /* ViewController.m */,
				E4A8E59B18C221FB0021E94B /* Images.xcassets */,
				E4A8E58A18C221FB0021E94B /* Supporting Files */,
			);
			path = caculator;
			sourceTree = "<group>";
		};
		E4A8E58A18C221FB0021E94B /* Supporting Files */ = {
			isa = PBXGroup;
			children = (
				E4A8E58B18C221FB0021E94B /* caculator-Info.plist */,
				E4A8E58C18C221FB0021E94B /* InfoPlist.strings */,
				E4A8E58F18C221FB0021E94B /* main.m */,
				E4A8E59118C221FB0021E94B /* caculator-Prefix.pch */,
			);
			name = "Supporting Files";
			sourceTree = "<group>";
		};
		E4A8E5A818C221FB0021E94B /* caculatorTests */ = {
			isa = PBXGroup;
			children = (
				E4A8E5AE18C221FB0021E94B /* caculatorTests.m */,
				E4A8E5A918C221FB0021E94B /* Supporting Files */,
			);
			path = caculatorTests;
			sourceTree = "<group>";
		};
		E4A8E5A918C221FB0021E94B /* Supporting Files */ = {
			isa = PBXGroup;
			children = (
				E4A8E5AA18C221FB0021E94B /* caculatorTests-Info.plist */,
				E4A8E5AB18C221FB0021E94B /* InfoPlist.strings */,
			);
			name = "Supporting Files";
			sourceTree = "<group>";
		};
/* End PBXGroup section */

/* Begin PBXNativeTarget section */
		E4A8E57F18C221FB0021E94B /* caculator */ = {
			isa = PBXNativeTarget;
			buildConfigurationList = E4A8E5B218C221FB0021E94B /* Build configuration list for PBXNativeTarget "caculator" */;
			buildPhases = (
				E4A8E57C18C221FB0021E94B /* Sources */,
				E4A8E57D18C221FB0021E94B /* Frameworks */,
				E4A8E57E18C221FB0021E94B /* Resources */,
			);
			buildRules = (
			);
			dependencies = (
			);
			name = caculator;
			productName = caculator;
			productReference = E4A8E58018C221FB0021E94B /* caculator.app */;
			productType = "com.apple.product-type.application";
		};
		E4A8E5A018C221FB0021E94B /* caculatorTests */ = {
			isa = PBXNativeTarget;
			buildConfigurationList = E4A8E5B518C221FB0021E94B /* Build configuration list for PBXNativeTarget "caculatorTests" */;
			buildPhases = (
				E4A8E59D18C221FB0021E94B /* Sources */,
				E4A8E59E18C221FB0021E94B /* Frameworks */,
				E4A8E59F18C221FB0021E94B /* Resources */,
			);
			buildRules = (
			);
			dependencies = (
				E4A8E5A718C221FB0021E94B /* PBXTargetDependency */,
			);
			name = caculatorTests;
			productName = caculatorTests;
			productReference = E4A8E5A118C221FB0021E94B /* caculatorTests.xctest */;
			productType = "com.apple.product-type.bundle.unit-test";
		};
/* End PBXNativeTarget section */

/* Begin PBXProject section */
		E4A8E57818C221FB0021E94B /* Project object */ = {
			isa = PBXProject;
			attributes = {
				LastUpgradeCheck = 0500;
				ORGANIZATIONNAME = song;
				TargetAttributes = {
					E4A8E5A018C221FB0021E94B = {
						TestTargetID = E4A8E57F18C221FB0021E94B;
					};
				};
			};
			buildConfigurationList = E4A8E57B18C221FB0021E94B /* Build configuration list for PBXProject "caculator" */;
			compatibilityVersion = "Xcode 3.2";
			developmentRegion = English;
			hasScannedForEncodings = 0;
			knownRegions = (
				en,
				Base,
			);
			mainGroup = E4A8E57718C221FB0021E94B;
			productRefGroup = E4A8E58118C221FB0021E94B /* Products */;
			projectDirPath = "";
			projectRoot = "";
			targets = (
				E4A8E57F18C221FB0021E94B /* caculator */,
				E4A8E5A018C221FB0021E94B /* caculatorTests */,
			);
		};
/* End PBXProject section */

/* Begin PBXResourcesBuildPhase section */
		E4A8E57E18C221FB0021E94B /* Resources */ = {
			isa = PBXResourcesBuildPhase;
			buildActionMask = 2147483647;
			files = (
				E4A8E59C18C221FB0021E94B /* Images.xcassets in Resources */,
				E4A8E58E18C221FB0021E94B /* InfoPlist.strings in Resources */,
				E4A8E59718C221FB0021E94B /* Main.storyboard in Resources */,
			);
			runOnlyForDeploymentPostprocessing = 0;
		};
		E4A8E59F18C221FB0021E94B /* Resources */ = {
			isa = PBXResourcesBuildPhase;
			buildActionMask = 2147483647;
			files = (
				E4A8E5AD18C221FB0021E94B /* InfoPlist.strings in Resources */,
			);
			runOnlyForDeploymentPostprocessing = 0;
		};
/* End PBXResourcesBuildPhase section */

/* Begin PBXSourcesBuildPhase section */
		E4A8E57C18C221FB0021E94B /* Sources */ = {
			isa = PBXSourcesBuildPhase;
			buildActionMask = 2147483647;
			files = (
				E4A8E59A18C221FB0021E94B /* ViewController.m in Sources */,
				E4A8E59418C221FB0021E94B /* AppDelegate.m in Sources */,
				E4A8E59018C221FB0021E94B /* main.m in Sources */,
			);
			runOnlyForDeploymentPostprocessing = 0;
		};
		E4A8E59D18C221FB0021E94B /* Sources */ = {
			isa = PBXSourcesBuildPhase;
			buildActionMask = 2147483647;
			files = (
				E4A8E5AF18C221FB0021E94B /* caculatorTests.m in Sources */,
			);
			runOnlyForDeploymentPostprocessing = 0;
		};
/* End PBXSourcesBuildPhase section */

/* Begin PBXTargetDependency section */
		E4A8E5A718C221FB0021E94B /* PBXTargetDependency */ = {
			isa = PBXTargetDependency;
			target = E4A8E57F18C221FB0021E94B /* caculator */;
			targetProxy = E4A8E5A618C221FB0021E94B /* PBXContainerItemProxy */;
		};
/* End PBXTargetDependency section */

/* Begin PBXVariantGroup section */
		E4A8E58C18C221FB0021E94B /* InfoPlist.strings */ = {
			isa = PBXVariantGroup;
			children = (
				E4A8E58D18C221FB0021E94B /* en */,
			);
			name = InfoPlist.strings;
			sourceTree = "<group>";
		};
		E4A8E59518C221FB0021E94B /* Main.storyboard */ = {
			isa = PBXVariantGroup;
			children = (
				E4A8E59618C221FB0021E94B /* Base */,
			);
			name = Main.storyboard;
			sourceTree = "<group>";
		};
		E4A8E5AB18C221FB0021E94B /* InfoPlist.strings */ = {
			isa = PBXVariantGroup;
			children = (
				E4A8E5AC18C221FB0021E94B /* en */,
			);
			name = InfoPlist.strings;
			sourceTree = "<group>";
		};
/* End PBXVariantGroup section */

/* Begin XCBuildConfiguration section */
		E4A8E5B018C221FB0021E94B /* Debug */ = {
			isa = XCBuildConfiguration;
			buildSettings = {
				ALWAYS_SEARCH_USER_PATHS = NO;
				ARCHS = "$(ARCHS_STANDARD_INCLUDING_64_BIT)";
				CLANG_CXX_LANGUAGE_STANDARD = "gnu++0x";
				CLANG_CXX_LIBRARY = "libc++";
				CLANG_ENABLE_MODULES = YES;
				CLANG_ENABLE_OBJC_ARC = YES;
				CLANG_WARN_BOOL_CONVERSION = YES;
				CLANG_WARN_CONSTANT_CONVERSION = YES;
				CLANG_WARN_DIRECT_OBJC_ISA_USAGE = YES_ERROR;
				CLANG_WARN_EMPTY_BODY = YES;
				CLANG_WARN_ENUM_CONVERSION = YES;
				CLANG_WARN_INT_CONVERSION = YES;
				CLANG_WARN_OBJC_ROOT_CLASS = YES_ERROR;
				CLANG_WARN__DUPLICATE_METHOD_MATCH = YES;
				"CODE_SIGN_IDENTITY[sdk=iphoneos*]" = "iPhone Developer";
				COPY_PHASE_STRIP = NO;
				GCC_C_LANGUAGE_STANDARD = gnu99;
				GCC_DYNAMIC_NO_PIC = NO;
				GCC_OPTIMIZATION_LEVEL = 0;
				GCC_PREPROCESSOR_DEFINITIONS = (
					"DEBUG=1",
					"$(inherited)",
				);
				GCC_SYMBOLS_PRIVATE_EXTERN = NO;
				GCC_WARN_64_TO_32_BIT_CONVERSION = YES;
				GCC_WARN_ABOUT_RETURN_TYPE = YES_ERROR;
				GCC_WARN_UNDECLARED_SELECTOR = YES;
				GCC_WARN_UNINITIALIZED_AUTOS = YES;
				GCC_WARN_UNUSED_FUNCTION = YES;
				GCC_WARN_UNUSED_VARIABLE = YES;
				IPHONEOS_DEPLOYMENT_TARGET = 7.0;
				ONLY_ACTIVE_ARCH = YES;
				SDKROOT = iphoneos;
			};
			name = Debug;
		};
		E4A8E5B118C221FB0021E94B /* Release */ = {
			isa = XCBuildConfiguration;
			buildSettings = {
				ALWAYS_SEARCH_USER_PATHS = NO;
				ARCHS = "$(ARCHS_STANDARD_INCLUDING_64_BIT)";
				CLANG_CXX_LANGUAGE_STANDARD = "gnu++0x";
				CLANG_CXX_LIBRARY = "libc++";
				CLANG_ENABLE_MODULES = YES;
				CLANG_ENABLE_OBJC_ARC = YES;
				CLANG_WARN_BOOL_CONVERSION = YES;
				CLANG_WARN_CONSTANT_CONVERSION = YES;
				CLANG_WARN_DIRECT_OBJC_ISA_USAGE = YES_ERROR;
				CLANG_WARN_EMPTY_BODY = YES;
				CLANG_WARN_ENUM_CONVERSION = YES;
				CLANG_WARN_INT_CONVERSION = YES;
				CLANG_WARN_OBJC_ROOT_CLASS = YES_ERROR;
				CLANG_WARN__DUPLICATE_METHOD_MATCH = YES;
				"CODE_SIGN_IDENTITY[sdk=iphoneos*]" = "iPhone Developer";
				COPY_PHASE_STRIP = YES;
				ENABLE_NS_ASSERTIONS = NO;
				GCC_C_LANGUAGE_STANDARD = gnu99;
				GCC_WARN_64_TO_32_BIT_CONVERSION = YES;
				GCC_WARN_ABOUT_RETURN_TYPE = YES_ERROR;
				GCC_WARN_UNDECLARED_SELECTOR = YES;
				GCC_WARN_UNINITIALIZED_AUTOS = YES;
				GCC_WARN_UNUSED_FUNCTION = YES;
				GCC_WARN_UNUSED_VARIABLE = YES;
				IPHONEOS_DEPLOYMENT_TARGET = 7.0;
				SDKROOT = iphoneos;
				VALIDATE_PRODUCT = YES;
			};
			name = Release;
		};
		E4A8E5B318C221FB0021E94B /* Debug */ = {
			isa = XCBuildConfiguration;
			buildSettings = {
				ASSETCATALOG_COMPILER_APPICON_NAME = AppIcon;
				ASSETCATALOG_COMPILER_LAUNCHIMAGE_NAME = LaunchImage;
				GCC_PRECOMPILE_PREFIX_HEADER = YES;
				GCC_PREFIX_HEADER = "caculator/caculator-Prefix.pch";
				INFOPLIST_FILE = "caculator/caculator-Info.plist";
				PRODUCT_NAME = "$(TARGET_NAME)";
				WRAPPER_EXTENSION = app;
			};
			name = Debug;
		};
		E4A8E5B418C221FB0021E94B /* Release */ = {
			isa = XCBuildConfiguration;
			buildSettings = {
				ASSETCATALOG_COMPILER_APPICON_NAME = AppIcon;
				ASSETCATALOG_COMPILER_LAUNCHIMAGE_NAME = LaunchImage;
				GCC_PRECOMPILE_PREFIX_HEADER = YES;
				GCC_PREFIX_HEADER = "caculator/caculator-Prefix.pch";
				INFOPLIST_FILE = "caculator/caculator-Info.plist";
				PRODUCT_NAME = "$(TARGET_NAME)";
				WRAPPER_EXTENSION = app;
			};
			name = Release;
		};
		E4A8E5B618C221FB0021E94B /* Debug */ = {
			isa = XCBuildConfiguration;
			buildSettings = {
				ARCHS = "$(ARCHS_STANDARD_INCLUDING_64_BIT)";
				BUNDLE_LOADER = "$(BUILT_PRODUCTS_DIR)/caculator.app/caculator";
				FRAMEWORK_SEARCH_PATHS = (
					"$(SDKROOT)/Developer/Library/Frameworks",
					"$(inherited)",
					"$(DEVELOPER_FRAMEWORKS_DIR)",
				);
				GCC_PRECOMPILE_PREFIX_HEADER = YES;
				GCC_PREFIX_HEADER = "caculator/caculator-Prefix.pch";
				GCC_PREPROCESSOR_DEFINITIONS = (
					"DEBUG=1",
					"$(inherited)",
				);
				INFOPLIST_FILE = "caculatorTests/caculatorTests-Info.plist";
				PRODUCT_NAME = "$(TARGET_NAME)";
				TEST_HOST = "$(BUNDLE_LOADER)";
				WRAPPER_EXTENSION = xctest;
			};
			name = Debug;
		};
		E4A8E5B718C221FB0021E94B /* Release */ = {
			isa = XCBuildConfiguration;
			buildSettings = {
				ARCHS = "$(ARCHS_STANDARD_INCLUDING_64_BIT)";
				BUNDLE_LOADER = "$(BUILT_PRODUCTS_DIR)/caculator.app/caculator";
				FRAMEWORK_SEARCH_PATHS = (
					"$(SDKROOT)/Developer/Library/Frameworks",
					"$(inherited)",
					"$(DEVELOPER_FRAMEWORKS_DIR)",
				);
				GCC_PRECOMPILE_PREFIX_HEADER = YES;
				GCC_PREFIX_HEADER = "caculator/caculator-Prefix.pch";
				INFOPLIST_FILE = "caculatorTests/caculatorTests-Info.plist";
				PRODUCT_NAME = "$(TARGET_NAME)";
				TEST_HOST = "$(BUNDLE_LOADER)";
				WRAPPER_EXTENSION = xctest;
			};
			name = Release;
		};
/* End XCBuildConfiguration section */

/* Begin XCConfigurationList section */
		E4A8E57B18C221FB0021E94B /* Build configuration list for PBXProject "caculator" */ = {
			isa = XCConfigurationList;
			buildConfigurations = (
				E4A8E5B018C221FB0021E94B /* Debug */,
				E4A8E5B118C221FB0021E94B /* Release */,
			);
			defaultConfigurationIsVisible = 0;
			defaultConfigurationName = Release;
		};
		E4A8E5B218C221FB0021E94B /* Build configuration list for PBXNativeTarget "caculator" */ = {
			isa = XCConfigurationList;
			buildConfigurations = (
				E4A8E5B318C221FB0021E94B /* Debug */,
				E4A8E5B418C221FB0021E94B /* Release */,
			);
			defaultConfigurationIsVisible = 0;
		};
		E4A8E5B518C221FB0021E94B /* Build configuration list for PBXNativeTarget "caculatorTests" */ = {
			isa = XCConfigurationList;
			buildConfigurations = (
				E4A8E5B618C221FB0021E94B /* Debug */,
				E4A8E5B718C221FB0021E94B /* Release */,
			);
			defaultConfigurationIsVisible = 0;
		};
/* End XCConfigurationList section */
	};
	rootObject = E4A8E57818C221FB0021E94B /* Project object */;
}
